// !$*UTF8*$!
{
	archiveVersion = 1;
	classes = {
	};
	objectVersion = 50;
	objects = {

/* Begin PBXBuildFile section */
		A84C4288262F9032005ECBE8 /* AppDelegate.swift in Sources */ = {isa = PBXBuildFile; fileRef = A84C4287262F9032005ECBE8 /* AppDelegate.swift */; };
		A84C428A262F9032005ECBE8 /* SceneDelegate.swift in Sources */ = {isa = PBXBuildFile; fileRef = A84C4289262F9032005ECBE8 /* SceneDelegate.swift */; };
		A84C428C262F9032005ECBE8 /* ViewController.swift in Sources */ = {isa = PBXBuildFile; fileRef = A84C428B262F9032005ECBE8 /* ViewController.swift */; };
		A84C428F262F9032005ECBE8 /* Main.storyboard in Resources */ = {isa = PBXBuildFile; fileRef = A84C428D262F9032005ECBE8 /* Main.storyboard */; };
		A84C4291262F9041005ECBE8 /* Assets.xcassets in Resources */ = {isa = PBXBuildFile; fileRef = A84C4290262F9041005ECBE8 /* Assets.xcassets */; };
		A84C4294262F9041005ECBE8 /* LaunchScreen.storyboard in Resources */ = {isa = PBXBuildFile; fileRef = A84C4292262F9041005ECBE8 /* LaunchScreen.storyboard */; };
		A84C429F26378D39005ECBE8 /* ViewControllerHistory.swift in Sources */ = {isa = PBXBuildFile; fileRef = A84C429E26378D38005ECBE8 /* ViewControllerHistory.swift */; };
/* End PBXBuildFile section */

/* Begin PBXFileReference section */
		A84C4284262F9032005ECBE8 /* Life Counter.app */ = {isa = PBXFileReference; explicitFileType = wrapper.application; includeInIndex = 0; path = "Life Counter.app"; sourceTree = BUILT_PRODUCTS_DIR; };
		A84C4287262F9032005ECBE8 /* AppDelegate.swift */ = {isa = PBXFileReference; lastKnownFileType = sourcecode.swift; path = AppDelegate.swift; sourceTree = "<group>"; };
		A84C4289262F9032005ECBE8 /* SceneDelegate.swift */ = {isa = PBXFileReference; lastKnownFileType = sourcecode.swift; path = SceneDelegate.swift; sourceTree = "<group>"; };
		A84C428B262F9032005ECBE8 /* ViewController.swift */ = {isa = PBXFileReference; lastKnownFileType = sourcecode.swift; path = ViewController.swift; sourceTree = "<group>"; };
		A84C428E262F9032005ECBE8 /* Base */ = {isa = PBXFileReference; lastKnownFileType = file.storyboard; name = Base; path = Base.lproj/Main.storyboard; sourceTree = "<group>"; };
		A84C4290262F9041005ECBE8 /* Assets.xcassets */ = {isa = PBXFileReference; lastKnownFileType = folder.assetcatalog; path = Assets.xcassets; sourceTree = "<group>"; };
		A84C4293262F9041005ECBE8 /* Base */ = {isa = PBXFileReference; lastKnownFileType = file.storyboard; name = Base; path = Base.lproj/LaunchScreen.storyboard; sourceTree = "<group>"; };
		A84C4295262F9041005ECBE8 /* Info.plist */ = {isa = PBXFileReference; lastKnownFileType = text.plist.xml; path = Info.plist; sourceTree = "<group>"; };
		A84C429E26378D38005ECBE8 /* ViewControllerHistory.swift */ = {isa = PBXFileReference; lastKnownFileType = sourcecode.swift; path = ViewControllerHistory.swift; sourceTree = "<group>"; };
/* End PBXFileReference section */

/* Begin PBXFrameworksBuildPhase section */
		A84C4281262F9032005ECBE8 /* Frameworks */ = {
			isa = PBXFrameworksBuildPhase;
			buildActionMask = 2147483647;
			files = (
			);
			runOnlyForDeploymentPostprocessing = 0;
		};
/* End PBXFrameworksBuildPhase section */

/* Begin PBXGroup section */
		A84C427B262F9032005ECBE8 = {
			isa = PBXGroup;
			children = (
				A84C4286262F9032005ECBE8 /* Life Counter */,
				A84C4285262F9032005ECBE8 /* Products */,
			);
			sourceTree = "<group>";
		};
		A84C4285262F9032005ECBE8 /* Products */ = {
			isa = PBXGroup;
			children = (
				A84C4284262F9032005ECBE8 /* Life Counter.app */,
			);
			name = Products;
			sourceTree = "<group>";
		};
		A84C4286262F9032005ECBE8 /* Life Counter */ = {
			isa = PBXGroup;
			children = (
				A84C4287262F9032005ECBE8 /* AppDelegate.swift */,
				A84C4289262F9032005ECBE8 /* SceneDelegate.swift */,
				A84C428B262F9032005ECBE8 /* ViewController.swift */,
				A84C428D262F9032005ECBE8 /* Main.storyboard */,
				A84C4290262F9041005ECBE8 /* Assets.xcassets */,
				A84C4292262F9041005ECBE8 /* LaunchScreen.storyboard */,
				A84C4295262F9041005ECBE8 /* Info.plist */,
				A84C429E26378D38005ECBE8 /* ViewControllerHistory.swift */,
			);
			path = "Life Counter";
			sourceTree = "<group>";
		};
/* End PBXGroup section */

/* Begin PBXNativeTarget section */
		A84C4283262F9032005ECBE8 /* Life Counter */ = {
			isa = PBXNativeTarget;
			buildConfigurationList = A84C4298262F9041005ECBE8 /* Build configuration list for PBXNativeTarget "Life Counter" */;
			buildPhases = (
				A84C4280262F9032005ECBE8 /* Sources */,
				A84C4281262F9032005ECBE8 /* Frameworks */,
				A84C4282262F9032005ECBE8 /* Resources */,
			);
			buildRules = (
			);
			dependencies = (
			);
			name = "Life Counter";
			productName = "Life Counter";
			productReference = A84C4284262F9032005ECBE8 /* Life Counter.app */;
			productType = "com.apple.product-type.application";
		};
/* End PBXNativeTarget section */

/* Begin PBXProject section */
		A84C427C262F9032005ECBE8 /* Project object */ = {
			isa = PBXProject;
			attributes = {
				LastSwiftUpdateCheck = 1240;
				LastUpgradeCheck = 1240;
				TargetAttributes = {
					A84C4283262F9032005ECBE8 = {
						CreatedOnToolsVersion = 12.4;
					};
				};
			};
			buildConfigurationList = A84C427F262F9032005ECBE8 /* Build configuration list for PBXProject "Life Counter" */;
			compatibilityVersion = "Xcode 9.3";
			developmentRegion = en;
			hasScannedForEncodings = 0;
			knownRegions = (
				en,
				Base,
			);
			mainGroup = A84C427B262F9032005ECBE8;
			productRefGroup = A84C4285262F9032005ECBE8 /* Products */;
			projectDirPath = "";
			projectRoot = "";
			targets = (
				A84C4283262F9032005ECBE8 /* Life Counter */,
			);
		};
/* End PBXProject section */

/* Begin PBXResourcesBuildPhase section */
		A84C4282262F9032005ECBE8 /* Resources */ = {
			isa = PBXResourcesBuildPhase;
			buildActionMask = 2147483647;
			files = (
				A84C4294262F9041005ECBE8 /* LaunchScreen.storyboard in Resources */,
				A84C4291262F9041005ECBE8 /* Assets.xcassets in Resources */,
				A84C428F262F9032005ECBE8 /* Main.storyboard in Resources */,
			);
			runOnlyForDeploymentPostprocessing = 0;
		};
/* End PBXResourcesBuildPhase section */

/* Begin PBXSourcesBuildPhase section */
		A84C4280262F9032005ECBE8 /* Sources */ = {
			isa = PBXSourcesBuildPhase;
			buildActionMask = 2147483647;
			files = (
				A84C428C262F9032005ECBE8 /* ViewController.swift in Sources */,
				A84C4288262F9032005ECBE8 /* AppDelegate.swift in Sources */,
				A84C428A262F9032005ECBE8 /* SceneDelegate.swift in Sources */,
				A84C429F26378D39005ECBE8 /* ViewControllerHistory.swift in Sources */,
			);
			runOnlyForDeploymentPostprocessing = 0;
		};
/* End PBXSourcesBuildPhase section */

/* Begin PBXVariantGroup section */
		A84C428D262F9032005ECBE8 /* Main.storyboard */ = {
			isa = PBXVariantGroup;
			children = (
				A84C428E262F9032005ECBE8 /* Base */,
			);
			name = Main.storyboard;
			sourceTree = "<group>";
		};
		A84C4292262F9041005ECBE8 /* LaunchScreen.storyboard */ = {
			isa = PBXVariantGroup;
			children = (
				A84C4293262F9041005ECBE8 /* Base */,
			);
			name = LaunchScreen.storyboard;
			sourceTree = "<group>";
		};
/* End PBXVariantGroup section */

/* Begin XCBuildConfiguration section */
		A84C4296262F9041005ECBE8 /* Debug */ = {
			isa = XCBuildConfiguration;
			buildSettings = {
				ALWAYS_SEARCH_USER_PATHS = NO;
				CLANG_ANALYZER_NONNULL = YES;
				CLANG_ANALYZER_NUMBER_OBJECT_CONVERSION = YES_AGGRESSIVE;
				CLANG_CXX_LANGUAGE_STANDARD = "gnu++14";
				CLANG_CXX_LIBRARY = "libc++";
				CLANG_ENABLE_MODULES = YES;
				CLANG_ENABLE_OBJC_ARC = YES;
				CLANG_ENABLE_OBJC_WEAK = YES;
				CLANG_WARN_BLOCK_CAPTURE_AUTORELEASING = YES;
				CLANG_WARN_BOOL_CONVERSION = YES;
				CLANG_WARN_COMMA = YES;
				CLANG_WARN_CONSTANT_CONVERSION = YES;
				CLANG_WARN_DEPRECATED_OBJC_IMPLEMENTATIONS = YES;
				CLANG_WARN_DIRECT_OBJC_ISA_USAGE = YES_ERROR;
				CLANG_WARN_DOCUMENTATION_COMMENTS = YES;
				CLANG_WARN_EMPTY_BODY = YES;
				CLANG_WARN_ENUM_CONVERSION = YES;
				CLANG_WARN_INFINITE_RECURSION = YES;
				CLANG_WARN_INT_CONVERSION = YES;
				CLANG_WARN_NON_LITERAL_NULL_CONVERSION = YES;
				CLANG_WARN_OBJC_IMPLICIT_RETAIN_SELF = YES;
				CLANG_WARN_OBJC_LITERAL_CONVERSION = YES;
				CLANG_WARN_OBJC_ROOT_CLASS = YES_ERROR;
				CLANG_WARN_QUOTED_INCLUDE_IN_FRAMEWORK_HEADER = YES;
				CLANG_WARN_RANGE_LOOP_ANALYSIS = YES;
				CLANG_WARN_STRICT_PROTOTYPES = YES;
				CLANG_WARN_SUSPICIOUS_MOVE = YES;
				CLANG_WARN_UNGUARDED_AVAILABILITY = YES_AGGRESSIVE;
				CLANG_WARN_UNREACHABLE_CODE = YES;
				CLANG_WARN__DUPLICATE_METHOD_MATCH = YES;
				COPY_PHASE_STRIP = NO;
				DEBUG_INFORMATION_FORMAT = dwarf;
				ENABLE_STRICT_OBJC_MSGSEND = YES;
				ENABLE_TESTABILITY = YES;
				GCC_C_LANGUAGE_STANDARD = gnu11;
				GCC_DYNAMIC_NO_PIC = NO;
				GCC_NO_COMMON_BLOCKS = YES;
				GCC_OPTIMIZATION_LEVEL = 0;
				GCC_PREPROCESSOR_DEFINITIONS = (
					"DEBUG=1",
					"$(inherited)",
				);
				GCC_WARN_64_TO_32_BIT_CONVERSION = YES;
				GCC_WARN_ABOUT_RETURN_TYPE = YES_ERROR;
				GCC_WARN_UNDECLARED_SELECTOR = YES;
				GCC_WARN_UNINITIALIZED_AUTOS = YES_AGGRESSIVE;
				GCC_WARN_UNUSED_FUNCTION = YES;
				GCC_WARN_UNUSED_VARIABLE = YES;
				IPHONEOS_DEPLOYMENT_TARGET = 14.4;
				MTL_ENABLE_DEBUG_INFO = INCLUDE_SOURCE;
				MTL_FAST_MATH = YES;
				ONLY_ACTIVE_ARCH = YES;
				SDKROOT = iphoneos;
				SWIFT_ACTIVE_COMPILATION_CONDITIONS = DEBUG;
				SWIFT_OPTIMIZATION_LEVEL = "-Onone";
			};
			name = Debug;
		};
		A84C4297262F9041005ECBE8 /* Release */ = {
			isa = XCBuildConfiguration;
			buildSettings = {
				ALWAYS_SEARCH_USER_PATHS = NO;
				CLANG_ANALYZER_NONNULL = YES;
				CLANG_ANALYZER_NUMBER_OBJECT_CONVERSION = YES_AGGRESSIVE;
				CLANG_CXX_LANGUAGE_STANDARD = "gnu++14";
				CLANG_CXX_LIBRARY = "libc++";
				CLANG_ENABLE_MODULES = YES;
				CLANG_ENABLE_OBJC_ARC = YES;
				CLANG_ENABLE_OBJC_WEAK = YES;
				CLANG_WARN_BLOCK_CAPTURE_AUTORELEASING = YES;
				CLANG_WARN_BOOL_CONVERSION = YES;
				CLANG_WARN_COMMA = YES;
				CLANG_WARN_CONSTANT_CONVERSION = YES;
				CLANG_WARN_DEPRECATED_OBJC_IMPLEMENTATIONS = YES;
				CLANG_WARN_DIRECT_OBJC_ISA_USAGE = YES_ERROR;
				CLANG_WARN_DOCUMENTATION_COMMENTS = YES;
				CLANG_WARN_EMPTY_BODY = YES;
				CLANG_WARN_ENUM_CONVERSION = YES;
				CLANG_WARN_INFINITE_RECURSION = YES;
				CLANG_WARN_INT_CONVERSION = YES;
				CLANG_WARN_NON_LITERAL_NULL_CONVERSION = YES;
				CLANG_WARN_OBJC_IMPLICIT_RETAIN_SELF = YES;
				CLANG_WARN_OBJC_LITERAL_CONVERSION = YES;
				CLANG_WARN_OBJC_ROOT_CLASS = YES_ERROR;
				CLANG_WARN_QUOTED_INCLUDE_IN_FRAMEWORK_HEADER = YES;
				CLANG_WARN_RANGE_LOOP_ANALYSIS = YES;
				CLANG_WARN_STRICT_PROTOTYPES = YES;
				CLANG_WARN_SUSPICIOUS_MOVE = YES;
				CLANG_WARN_UNGUARDED_AVAILABILITY = YES_AGGRESSIVE;
				CLANG_WARN_UNREACHABLE_CODE = YES;
				CLANG_WARN__DUPLICATE_METHOD_MATCH = YES;
				COPY_PHASE_STRIP = NO;
				DEBUG_INFORMATION_FORMAT = "dwarf-with-dsym";
				ENABLE_NS_ASSERTIONS = NO;
				ENABLE_STRICT_OBJC_MSGSEND = YES;
				GCC_C_LANGUAGE_STANDARD = gnu11;
				GCC_NO_COMMON_BLOCKS = YES;
				GCC_WARN_64_TO_32_BIT_CONVERSION = YES;
				GCC_WARN_ABOUT_RETURN_TYPE = YES_ERROR;
				GCC_WARN_UNDECLARED_SELECTOR = YES;
				GCC_WARN_UNINITIALIZED_AUTOS = YES_AGGRESSIVE;
				GCC_WARN_UNUSED_FUNCTION = YES;
				GCC_WARN_UNUSED_VARIABLE = YES;
				IPHONEOS_DEPLOYMENT_TARGET = 14.4;
				MTL_ENABLE_DEBUG_INFO = NO;
				MTL_FAST_MATH = YES;
				SDKROOT = iphoneos;
				SWIFT_COMPILATION_MODE = wholemodule;
				SWIFT_OPTIMIZATION_LEVEL = "-O";
				VALIDATE_PRODUCT = YES;
			};
			name = Release;
		};
		A84C4299262F9041005ECBE8 /* Debug */ = {
			isa = XCBuildConfiguration;
			buildSettings = {
				ASSETCATALOG_COMPILER_APPICON_NAME = AppIcon;
				ASSETCATALOG_COMPILER_GLOBAL_ACCENT_COLOR_NAME = AccentColor;
				CODE_SIGN_STYLE = Automatic;
				DEVELOPMENT_TEAM = FZ58BXF6ZP;
				INFOPLIST_FILE = "Life Counter/Info.plist";
				IPHONEOS_DEPLOYMENT_TARGET = 13.0;
				LD_RUNPATH_SEARCH_PATHS = (
					"$(inherited)",
					"@executable_path/Frameworks",
				);
				PRODUCT_BUNDLE_IDENTIFIER = "com.uw.edu.jinj12.Life-Counter";
				PRODUCT_NAME = "$(TARGET_NAME)";
				SWIFT_VERSION = 5.0;
				TARGETED_DEVICE_FAMILY = "1,2";
			};
			name = Debug;
		};
		A84C429A262F9041005ECBE8 /* Release */ = {
			isa = XCBuildConfiguration;
			buildSettings = {
				ASSETCATALOG_COMPILER_APPICON_NAME = AppIcon;
				ASSETCATALOG_COMPILER_GLOBAL_ACCENT_COLOR_NAME = AccentColor;
				CODE_SIGN_STYLE = Automatic;
				DEVELOPMENT_TEAM = FZ58BXF6ZP;
				INFOPLIST_FILE = "Life Counter/Info.plist";
				IPHONEOS_DEPLOYMENT_TARGET = 13.0;
				LD_RUNPATH_SEARCH_PATHS = (
					"$(inherited)",
					"@executable_path/Frameworks",
				);
				PRODUCT_BUNDLE_IDENTIFIER = "com.uw.edu.jinj12.Life-Counter";
				PRODUCT_NAME = "$(TARGET_NAME)";
				SWIFT_VERSION = 5.0;
				TARGETED_DEVICE_FAMILY = "1,2";
			};
			name = Release;
		};
/* End XCBuildConfiguration section */

/* Begin XCConfigurationList section */
		A84C427F262F9032005ECBE8 /* Build configuration list for PBXProject "Life Counter" */ = {
			isa = XCConfigurationList;
			buildConfigurations = (
				A84C4296262F9041005ECBE8 /* Debug */,
				A84C4297262F9041005ECBE8 /* Release */,
			);
			defaultConfigurationIsVisible = 0;
			defaultConfigurationName = Release;
		};
		A84C4298262F9041005ECBE8 /* Build configuration list for PBXNativeTarget "Life Counter" */ = {
			isa = XCConfigurationList;
			buildConfigurations = (
				A84C4299262F9041005ECBE8 /* Debug */,
				A84C429A262F9041005ECBE8 /* Release */,
			);
			defaultConfigurationIsVisible = 0;
			defaultConfigurationName = Release;
		};
/* End XCConfigurationList section */
	};
	rootObject = A84C427C262F9032005ECBE8 /* Project object */;
}
